// !$*UTF8*$!
{
	archiveVersion = 1;
	classes = {
	};
	objectVersion = 56;
	objects = {

/* Begin PBXBuildFile section */
		E515254B29D431B400CA9F9F /* MovieView.swift in Sources */ = {isa = PBXBuildFile; fileRef = E515254A29D431B400CA9F9F /* MovieView.swift */; };
		E515254D29D542E200CA9F9F /* MusicView.swift in Sources */ = {isa = PBXBuildFile; fileRef = E515254C29D542E200CA9F9F /* MusicView.swift */; };
		E515254F29D56B6E00CA9F9F /* PodcastView.swift in Sources */ = {isa = PBXBuildFile; fileRef = E515254E29D56B6D00CA9F9F /* PodcastView.swift */; };
		E515255129D577EE00CA9F9F /* Card.swift in Sources */ = {isa = PBXBuildFile; fileRef = E515255029D577EE00CA9F9F /* Card.swift */; };
		E55242E529DEBE78004394CF /* SafariView.swift in Sources */ = {isa = PBXBuildFile; fileRef = E55242E429DEBE78004394CF /* SafariView.swift */; };
		E55242E729E01DA7004394CF /* EbookDetailView.swift in Sources */ = {isa = PBXBuildFile; fileRef = E55242E629E01DA7004394CF /* EbookDetailView.swift */; };
		E55242E929E01DBD004394CF /* AudiobookDetailView.swift in Sources */ = {isa = PBXBuildFile; fileRef = E55242E829E01DBD004394CF /* AudiobookDetailView.swift */; };
		E55242EB29E01DD0004394CF /* MusicVideoDetailVIew.swift in Sources */ = {isa = PBXBuildFile; fileRef = E55242EA29E01DD0004394CF /* MusicVideoDetailVIew.swift */; };
		E55242ED29E01DDD004394CF /* TVDetailView.swift in Sources */ = {isa = PBXBuildFile; fileRef = E55242EC29E01DDD004394CF /* TVDetailView.swift */; };
		E55242EF29E01DEF004394CF /* PodcastDetailVIew.swift in Sources */ = {isa = PBXBuildFile; fileRef = E55242EE29E01DEF004394CF /* PodcastDetailVIew.swift */; };
		E55242F129E01DFA004394CF /* MusicDetailView.swift in Sources */ = {isa = PBXBuildFile; fileRef = E55242F029E01DFA004394CF /* MusicDetailView.swift */; };
		E5A3664C29D814C0005CD549 /* EbookView.swift in Sources */ = {isa = PBXBuildFile; fileRef = E5A3664B29D814C0005CD549 /* EbookView.swift */; };
		E5A3664E29D81938005CD549 /* MusicVideoView.swift in Sources */ = {isa = PBXBuildFile; fileRef = E5A3664D29D81938005CD549 /* MusicVideoView.swift */; };
		E5A3665029D86427005CD549 /* TVView.swift in Sources */ = {isa = PBXBuildFile; fileRef = E5A3664F29D86427005CD549 /* TVView.swift */; };
		E5B1DC8429DE8FAF0016AAA4 /* MovieDetailView.swift in Sources */ = {isa = PBXBuildFile; fileRef = E5B1DC8329DE8FAF0016AAA4 /* MovieDetailView.swift */; };
		E5B1DC8629DE929D0016AAA4 /* SoftwareDetailView.swift in Sources */ = {isa = PBXBuildFile; fileRef = E5B1DC8529DE929D0016AAA4 /* SoftwareDetailView.swift */; };
		E5D4800E29CAB99000901997 /* ITunesAppApp.swift in Sources */ = {isa = PBXBuildFile; fileRef = E5D4800D29CAB99000901997 /* ITunesAppApp.swift */; };
		E5D4801029CAB99000901997 /* ContentView.swift in Sources */ = {isa = PBXBuildFile; fileRef = E5D4800F29CAB99000901997 /* ContentView.swift */; };
		E5D4801229CAB99100901997 /* Assets.xcassets in Resources */ = {isa = PBXBuildFile; fileRef = E5D4801129CAB99100901997 /* Assets.xcassets */; };
		E5D4801529CAB99100901997 /* Preview Assets.xcassets in Resources */ = {isa = PBXBuildFile; fileRef = E5D4801429CAB99100901997 /* Preview Assets.xcassets */; };
		E5D4801C29CAC1BC00901997 /* HomeView.swift in Sources */ = {isa = PBXBuildFile; fileRef = E5D4801B29CAC1BC00901997 /* HomeView.swift */; };
		E5ECCC7D29D5D060009A6761 /* SettingView.swift in Sources */ = {isa = PBXBuildFile; fileRef = E5ECCC7C29D5D060009A6761 /* SettingView.swift */; };
		E5ECCC7F29D5E36F009A6761 /* SoftwareView.swift in Sources */ = {isa = PBXBuildFile; fileRef = E5ECCC7E29D5E36F009A6761 /* SoftwareView.swift */; };
		E5ECCC8129D5E4C5009A6761 /* AudiobookView.swift in Sources */ = {isa = PBXBuildFile; fileRef = E5ECCC8029D5E4C5009A6761 /* AudiobookView.swift */; };
		E5ECCC8329D5E578009A6761 /* URLImage.swift in Sources */ = {isa = PBXBuildFile; fileRef = E5ECCC8229D5E578009A6761 /* URLImage.swift */; };
		E5F112FB29CAD61900F76680 /* SearchView.swift in Sources */ = {isa = PBXBuildFile; fileRef = E5F112FA29CAD61900F76680 /* SearchView.swift */; };
		E5F112FD29CAE77C00F76680 /* Fetcher.swift in Sources */ = {isa = PBXBuildFile; fileRef = E5F112FC29CAE77C00F76680 /* Fetcher.swift */; };
		E5F112FF29CB0BD300F76680 /* SearchViewModel.swift in Sources */ = {isa = PBXBuildFile; fileRef = E5F112FE29CB0BD300F76680 /* SearchViewModel.swift */; };
		E5F1130129CC11DD00F76680 /* ITunes.swift in Sources */ = {isa = PBXBuildFile; fileRef = E5F1130029CC11DD00F76680 /* ITunes.swift */; };
		E5F1130329CC37F500F76680 /* SearchResultView.swift in Sources */ = {isa = PBXBuildFile; fileRef = E5F1130229CC37F500F76680 /* SearchResultView.swift */; };
		E5F9C34329DA99D70016B5DE /* DetailView.swift in Sources */ = {isa = PBXBuildFile; fileRef = E5F9C34229DA99D70016B5DE /* DetailView.swift */; };
		E5F9C34529DAB0240016B5DE /* WebView.swift in Sources */ = {isa = PBXBuildFile; fileRef = E5F9C34429DAB0240016B5DE /* WebView.swift */; };
/* End PBXBuildFile section */

/* Begin PBXFileReference section */
		E515254A29D431B400CA9F9F /* MovieView.swift */ = {isa = PBXFileReference; lastKnownFileType = sourcecode.swift; path = MovieView.swift; sourceTree = "<group>"; };
		E515254C29D542E200CA9F9F /* MusicView.swift */ = {isa = PBXFileReference; lastKnownFileType = sourcecode.swift; path = MusicView.swift; sourceTree = "<group>"; };
		E515254E29D56B6D00CA9F9F /* PodcastView.swift */ = {isa = PBXFileReference; lastKnownFileType = sourcecode.swift; path = PodcastView.swift; sourceTree = "<group>"; };
		E515255029D577EE00CA9F9F /* Card.swift */ = {isa = PBXFileReference; lastKnownFileType = sourcecode.swift; path = Card.swift; sourceTree = "<group>"; };
		E55242E429DEBE78004394CF /* SafariView.swift */ = {isa = PBXFileReference; fileEncoding = 4; lastKnownFileType = sourcecode.swift; path = SafariView.swift; sourceTree = "<group>"; };
		E55242E629E01DA7004394CF /* EbookDetailView.swift */ = {isa = PBXFileReference; lastKnownFileType = sourcecode.swift; path = EbookDetailView.swift; sourceTree = "<group>"; };
		E55242E829E01DBD004394CF /* AudiobookDetailView.swift */ = {isa = PBXFileReference; lastKnownFileType = sourcecode.swift; path = AudiobookDetailView.swift; sourceTree = "<group>"; };
		E55242EA29E01DD0004394CF /* MusicVideoDetailVIew.swift */ = {isa = PBXFileReference; lastKnownFileType = sourcecode.swift; path = MusicVideoDetailVIew.swift; sourceTree = "<group>"; };
		E55242EC29E01DDD004394CF /* TVDetailView.swift */ = {isa = PBXFileReference; lastKnownFileType = sourcecode.swift; path = TVDetailView.swift; sourceTree = "<group>"; };
		E55242EE29E01DEF004394CF /* PodcastDetailVIew.swift */ = {isa = PBXFileReference; lastKnownFileType = sourcecode.swift; path = PodcastDetailVIew.swift; sourceTree = "<group>"; };
		E55242F029E01DFA004394CF /* MusicDetailView.swift */ = {isa = PBXFileReference; lastKnownFileType = sourcecode.swift; path = MusicDetailView.swift; sourceTree = "<group>"; };
		E5A3664B29D814C0005CD549 /* EbookView.swift */ = {isa = PBXFileReference; lastKnownFileType = sourcecode.swift; path = EbookView.swift; sourceTree = "<group>"; };
		E5A3664D29D81938005CD549 /* MusicVideoView.swift */ = {isa = PBXFileReference; lastKnownFileType = sourcecode.swift; path = MusicVideoView.swift; sourceTree = "<group>"; };
		E5A3664F29D86427005CD549 /* TVView.swift */ = {isa = PBXFileReference; lastKnownFileType = sourcecode.swift; path = TVView.swift; sourceTree = "<group>"; };
		E5B1DC8329DE8FAF0016AAA4 /* MovieDetailView.swift */ = {isa = PBXFileReference; lastKnownFileType = sourcecode.swift; path = MovieDetailView.swift; sourceTree = "<group>"; };
		E5B1DC8529DE929D0016AAA4 /* SoftwareDetailView.swift */ = {isa = PBXFileReference; lastKnownFileType = sourcecode.swift; path = SoftwareDetailView.swift; sourceTree = "<group>"; };
		E5D4800A29CAB99000901997 /* ITunesApp.app */ = {isa = PBXFileReference; explicitFileType = wrapper.application; includeInIndex = 0; path = ITunesApp.app; sourceTree = BUILT_PRODUCTS_DIR; };
		E5D4800D29CAB99000901997 /* ITunesAppApp.swift */ = {isa = PBXFileReference; lastKnownFileType = sourcecode.swift; path = ITunesAppApp.swift; sourceTree = "<group>"; };
		E5D4800F29CAB99000901997 /* ContentView.swift */ = {isa = PBXFileReference; lastKnownFileType = sourcecode.swift; path = ContentView.swift; sourceTree = "<group>"; };
		E5D4801129CAB99100901997 /* Assets.xcassets */ = {isa = PBXFileReference; lastKnownFileType = folder.assetcatalog; path = Assets.xcassets; sourceTree = "<group>"; };
		E5D4801429CAB99100901997 /* Preview Assets.xcassets */ = {isa = PBXFileReference; lastKnownFileType = folder.assetcatalog; path = "Preview Assets.xcassets"; sourceTree = "<group>"; };
		E5D4801B29CAC1BC00901997 /* HomeView.swift */ = {isa = PBXFileReference; lastKnownFileType = sourcecode.swift; path = HomeView.swift; sourceTree = "<group>"; };
		E5ECCC7C29D5D060009A6761 /* SettingView.swift */ = {isa = PBXFileReference; lastKnownFileType = sourcecode.swift; path = SettingView.swift; sourceTree = "<group>"; };
		E5ECCC7E29D5E36F009A6761 /* SoftwareView.swift */ = {isa = PBXFileReference; lastKnownFileType = sourcecode.swift; path = SoftwareView.swift; sourceTree = "<group>"; };
		E5ECCC8029D5E4C5009A6761 /* AudiobookView.swift */ = {isa = PBXFileReference; lastKnownFileType = sourcecode.swift; path = AudiobookView.swift; sourceTree = "<group>"; };
		E5ECCC8229D5E578009A6761 /* URLImage.swift */ = {isa = PBXFileReference; lastKnownFileType = sourcecode.swift; path = URLImage.swift; sourceTree = "<group>"; };
		E5F112FA29CAD61900F76680 /* SearchView.swift */ = {isa = PBXFileReference; lastKnownFileType = sourcecode.swift; path = SearchView.swift; sourceTree = "<group>"; };
		E5F112FC29CAE77C00F76680 /* Fetcher.swift */ = {isa = PBXFileReference; lastKnownFileType = sourcecode.swift; path = Fetcher.swift; sourceTree = "<group>"; };
		E5F112FE29CB0BD300F76680 /* SearchViewModel.swift */ = {isa = PBXFileReference; lastKnownFileType = sourcecode.swift; path = SearchViewModel.swift; sourceTree = "<group>"; };
		E5F1130029CC11DD00F76680 /* ITunes.swift */ = {isa = PBXFileReference; lastKnownFileType = sourcecode.swift; path = ITunes.swift; sourceTree = "<group>"; };
		E5F1130229CC37F500F76680 /* SearchResultView.swift */ = {isa = PBXFileReference; lastKnownFileType = sourcecode.swift; path = SearchResultView.swift; sourceTree = "<group>"; };
		E5F9C34229DA99D70016B5DE /* DetailView.swift */ = {isa = PBXFileReference; lastKnownFileType = sourcecode.swift; path = DetailView.swift; sourceTree = "<group>"; };
		E5F9C34429DAB0240016B5DE /* WebView.swift */ = {isa = PBXFileReference; lastKnownFileType = sourcecode.swift; path = WebView.swift; sourceTree = "<group>"; };
/* End PBXFileReference section */

/* Begin PBXFrameworksBuildPhase section */
		E5D4800729CAB99000901997 /* Frameworks */ = {
			isa = PBXFrameworksBuildPhase;
			buildActionMask = 2147483647;
			files = (
			);
			runOnlyForDeploymentPostprocessing = 0;
		};
/* End PBXFrameworksBuildPhase section */

/* Begin PBXGroup section */
		E515254929D4319E00CA9F9F /* ResultView */ = {
			isa = PBXGroup;
			children = (
				E5F1130229CC37F500F76680 /* SearchResultView.swift */,
				E515254A29D431B400CA9F9F /* MovieView.swift */,
				E5A3664F29D86427005CD549 /* TVView.swift */,
				E515254E29D56B6D00CA9F9F /* PodcastView.swift */,
				E515254C29D542E200CA9F9F /* MusicView.swift */,
				E5A3664D29D81938005CD549 /* MusicVideoView.swift */,
				E5ECCC7E29D5E36F009A6761 /* SoftwareView.swift */,
				E5A3664B29D814C0005CD549 /* EbookView.swift */,
				E5ECCC8029D5E4C5009A6761 /* AudiobookView.swift */,
			);
			path = ResultView;
			sourceTree = "<group>";
		};
		E5A3664A29D7BB61005CD549 /* View */ = {
			isa = PBXGroup;
			children = (
				E515255029D577EE00CA9F9F /* Card.swift */,
				E5ECCC8229D5E578009A6761 /* URLImage.swift */,
				E5F9C34429DAB0240016B5DE /* WebView.swift */,
				E55242E429DEBE78004394CF /* SafariView.swift */,
			);
			path = View;
			sourceTree = "<group>";
		};
		E5B1DC8229DE8F7D0016AAA4 /* DetailView */ = {
			isa = PBXGroup;
			children = (
				E5F9C34229DA99D70016B5DE /* DetailView.swift */,
				E5B1DC8329DE8FAF0016AAA4 /* MovieDetailView.swift */,
				E55242EC29E01DDD004394CF /* TVDetailView.swift */,
				E55242EE29E01DEF004394CF /* PodcastDetailVIew.swift */,
				E55242F029E01DFA004394CF /* MusicDetailView.swift */,
				E55242EA29E01DD0004394CF /* MusicVideoDetailVIew.swift */,
				E5B1DC8529DE929D0016AAA4 /* SoftwareDetailView.swift */,
				E55242E629E01DA7004394CF /* EbookDetailView.swift */,
				E55242E829E01DBD004394CF /* AudiobookDetailView.swift */,
			);
			path = DetailView;
			sourceTree = "<group>";
		};
		E5D4800129CAB99000901997 = {
			isa = PBXGroup;
			children = (
				E5D4800C29CAB99000901997 /* ITunesApp */,
				E5D4800B29CAB99000901997 /* Products */,
			);
			sourceTree = "<group>";
		};
		E5D4800B29CAB99000901997 /* Products */ = {
			isa = PBXGroup;
			children = (
				E5D4800A29CAB99000901997 /* ITunesApp.app */,
			);
			name = Products;
			sourceTree = "<group>";
		};
		E5D4800C29CAB99000901997 /* ITunesApp */ = {
			isa = PBXGroup;
			children = (
				E5D4800D29CAB99000901997 /* ITunesAppApp.swift */,
				E5D4800F29CAB99000901997 /* ContentView.swift */,
				E5D4801B29CAC1BC00901997 /* HomeView.swift */,
				E5F112FA29CAD61900F76680 /* SearchView.swift */,
				E5ECCC7C29D5D060009A6761 /* SettingView.swift */,
				E515254929D4319E00CA9F9F /* ResultView */,
				E5B1DC8229DE8F7D0016AAA4 /* DetailView */,
				E5F112FE29CB0BD300F76680 /* SearchViewModel.swift */,
				E5A3664A29D7BB61005CD549 /* View */,
				E5F1130029CC11DD00F76680 /* ITunes.swift */,
				E5F112FC29CAE77C00F76680 /* Fetcher.swift */,
				E5D4801129CAB99100901997 /* Assets.xcassets */,
				E5D4801329CAB99100901997 /* Preview Content */,
			);
			path = ITunesApp;
			sourceTree = "<group>";
		};
		E5D4801329CAB99100901997 /* Preview Content */ = {
			isa = PBXGroup;
			children = (
				E5D4801429CAB99100901997 /* Preview Assets.xcassets */,
			);
			path = "Preview Content";
			sourceTree = "<group>";
		};
/* End PBXGroup section */

/* Begin PBXNativeTarget section */
		E5D4800929CAB99000901997 /* ITunesApp */ = {
			isa = PBXNativeTarget;
			buildConfigurationList = E5D4801829CAB99100901997 /* Build configuration list for PBXNativeTarget "ITunesApp" */;
			buildPhases = (
				E5D4800629CAB99000901997 /* Sources */,
				E5D4800729CAB99000901997 /* Frameworks */,
				E5D4800829CAB99000901997 /* Resources */,
			);
			buildRules = (
			);
			dependencies = (
			);
			name = ITunesApp;
			productName = ITunesApp;
			productReference = E5D4800A29CAB99000901997 /* ITunesApp.app */;
			productType = "com.apple.product-type.application";
		};
/* End PBXNativeTarget section */

/* Begin PBXProject section */
		E5D4800229CAB99000901997 /* Project object */ = {
			isa = PBXProject;
			attributes = {
				BuildIndependentTargetsInParallel = 1;
				LastSwiftUpdateCheck = 1420;
				LastUpgradeCheck = 1420;
				TargetAttributes = {
					E5D4800929CAB99000901997 = {
						CreatedOnToolsVersion = 14.2;
					};
				};
			};
			buildConfigurationList = E5D4800529CAB99000901997 /* Build configuration list for PBXProject "ITunesApp" */;
			compatibilityVersion = "Xcode 14.0";
			developmentRegion = en;
			hasScannedForEncodings = 0;
			knownRegions = (
				en,
				Base,
			);
			mainGroup = E5D4800129CAB99000901997;
			productRefGroup = E5D4800B29CAB99000901997 /* Products */;
			projectDirPath = "";
			projectRoot = "";
			targets = (
				E5D4800929CAB99000901997 /* ITunesApp */,
			);
		};
/* End PBXProject section */

/* Begin PBXResourcesBuildPhase section */
		E5D4800829CAB99000901997 /* Resources */ = {
			isa = PBXResourcesBuildPhase;
			buildActionMask = 2147483647;
			files = (
				E5D4801529CAB99100901997 /* Preview Assets.xcassets in Resources */,
				E5D4801229CAB99100901997 /* Assets.xcassets in Resources */,
			);
			runOnlyForDeploymentPostprocessing = 0;
		};
/* End PBXResourcesBuildPhase section */

/* Begin PBXSourcesBuildPhase section */
		E5D4800629CAB99000901997 /* Sources */ = {
			isa = PBXSourcesBuildPhase;
			buildActionMask = 2147483647;
			files = (
				E5A3665029D86427005CD549 /* TVView.swift in Sources */,
				E5F1130129CC11DD00F76680 /* ITunes.swift in Sources */,
				E5ECCC7F29D5E36F009A6761 /* SoftwareView.swift in Sources */,
				E55242E929E01DBD004394CF /* AudiobookDetailView.swift in Sources */,
				E5F1130329CC37F500F76680 /* SearchResultView.swift in Sources */,
				E55242F129E01DFA004394CF /* MusicDetailView.swift in Sources */,
				E55242E529DEBE78004394CF /* SafariView.swift in Sources */,
				E515254D29D542E200CA9F9F /* MusicView.swift in Sources */,
				E515254F29D56B6E00CA9F9F /* PodcastView.swift in Sources */,
				E5F9C34529DAB0240016B5DE /* WebView.swift in Sources */,
				E5F112FF29CB0BD300F76680 /* SearchViewModel.swift in Sources */,
				E5B1DC8429DE8FAF0016AAA4 /* MovieDetailView.swift in Sources */,
				E5A3664E29D81938005CD549 /* MusicVideoView.swift in Sources */,
				E5F112FB29CAD61900F76680 /* SearchView.swift in Sources */,
				E55242ED29E01DDD004394CF /* TVDetailView.swift in Sources */,
				E515254B29D431B400CA9F9F /* MovieView.swift in Sources */,
				E5D4801C29CAC1BC00901997 /* HomeView.swift in Sources */,
				E5ECCC8129D5E4C5009A6761 /* AudiobookView.swift in Sources */,
				E5ECCC7D29D5D060009A6761 /* SettingView.swift in Sources */,
				E55242EF29E01DEF004394CF /* PodcastDetailVIew.swift in Sources */,
				E5F9C34329DA99D70016B5DE /* DetailView.swift in Sources */,
				E5D4801029CAB99000901997 /* ContentView.swift in Sources */,
				E55242E729E01DA7004394CF /* EbookDetailView.swift in Sources */,
				E5F112FD29CAE77C00F76680 /* Fetcher.swift in Sources */,
				E515255129D577EE00CA9F9F /* Card.swift in Sources */,
				E5D4800E29CAB99000901997 /* ITunesAppApp.swift in Sources */,
				E5ECCC8329D5E578009A6761 /* URLImage.swift in Sources */,
				E5B1DC8629DE929D0016AAA4 /* SoftwareDetailView.swift in Sources */,
				E5A3664C29D814C0005CD549 /* EbookView.swift in Sources */,
				E55242EB29E01DD0004394CF /* MusicVideoDetailVIew.swift in Sources */,
			);
			runOnlyForDeploymentPostprocessing = 0;
		};
/* End PBXSourcesBuildPhase section */

/* Begin XCBuildConfiguration section */
		E5D4801629CAB99100901997 /* Debug */ = {
			isa = XCBuildConfiguration;
			buildSettings = {
				ALWAYS_SEARCH_USER_PATHS = NO;
				CLANG_ANALYZER_NONNULL = YES;
				CLANG_ANALYZER_NUMBER_OBJECT_CONVERSION = YES_AGGRESSIVE;
				CLANG_CXX_LANGUAGE_STANDARD = "gnu++20";
				CLANG_ENABLE_MODULES = YES;
				CLANG_ENABLE_OBJC_ARC = YES;
				CLANG_ENABLE_OBJC_WEAK = YES;
				CLANG_WARN_BLOCK_CAPTURE_AUTORELEASING = YES;
				CLANG_WARN_BOOL_CONVERSION = YES;
				CLANG_WARN_COMMA = YES;
				CLANG_WARN_CONSTANT_CONVERSION = YES;
				CLANG_WARN_DEPRECATED_OBJC_IMPLEMENTATIONS = YES;
				CLANG_WARN_DIRECT_OBJC_ISA_USAGE = YES_ERROR;
				CLANG_WARN_DOCUMENTATION_COMMENTS = YES;
				CLANG_WARN_EMPTY_BODY = YES;
				CLANG_WARN_ENUM_CONVERSION = YES;
				CLANG_WARN_INFINITE_RECURSION = YES;
				CLANG_WARN_INT_CONVERSION = YES;
				CLANG_WARN_NON_LITERAL_NULL_CONVERSION = YES;
				CLANG_WARN_OBJC_IMPLICIT_RETAIN_SELF = YES;
				CLANG_WARN_OBJC_LITERAL_CONVERSION = YES;
				CLANG_WARN_OBJC_ROOT_CLASS = YES_ERROR;
				CLANG_WARN_QUOTED_INCLUDE_IN_FRAMEWORK_HEADER = YES;
				CLANG_WARN_RANGE_LOOP_ANALYSIS = YES;
				CLANG_WARN_STRICT_PROTOTYPES = YES;
				CLANG_WARN_SUSPICIOUS_MOVE = YES;
				CLANG_WARN_UNGUARDED_AVAILABILITY = YES_AGGRESSIVE;
				CLANG_WARN_UNREACHABLE_CODE = YES;
				CLANG_WARN__DUPLICATE_METHOD_MATCH = YES;
				COPY_PHASE_STRIP = NO;
				DEBUG_INFORMATION_FORMAT = dwarf;
				ENABLE_STRICT_OBJC_MSGSEND = YES;
				ENABLE_TESTABILITY = YES;
				GCC_C_LANGUAGE_STANDARD = gnu11;
				GCC_DYNAMIC_NO_PIC = NO;
				GCC_NO_COMMON_BLOCKS = YES;
				GCC_OPTIMIZATION_LEVEL = 0;
				GCC_PREPROCESSOR_DEFINITIONS = (
					"DEBUG=1",
					"$(inherited)",
				);
				GCC_WARN_64_TO_32_BIT_CONVERSION = YES;
				GCC_WARN_ABOUT_RETURN_TYPE = YES_ERROR;
				GCC_WARN_UNDECLARED_SELECTOR = YES;
				GCC_WARN_UNINITIALIZED_AUTOS = YES_AGGRESSIVE;
				GCC_WARN_UNUSED_FUNCTION = YES;
				GCC_WARN_UNUSED_VARIABLE = YES;
				IPHONEOS_DEPLOYMENT_TARGET = 16.2;
				MTL_ENABLE_DEBUG_INFO = INCLUDE_SOURCE;
				MTL_FAST_MATH = YES;
				ONLY_ACTIVE_ARCH = YES;
				SDKROOT = iphoneos;
				SWIFT_ACTIVE_COMPILATION_CONDITIONS = DEBUG;
				SWIFT_OPTIMIZATION_LEVEL = "-Onone";
			};
			name = Debug;
		};
		E5D4801729CAB99100901997 /* Release */ = {
			isa = XCBuildConfiguration;
			buildSettings = {
				ALWAYS_SEARCH_USER_PATHS = NO;
				CLANG_ANALYZER_NONNULL = YES;
				CLANG_ANALYZER_NUMBER_OBJECT_CONVERSION = YES_AGGRESSIVE;
				CLANG_CXX_LANGUAGE_STANDARD = "gnu++20";
				CLANG_ENABLE_MODULES = YES;
				CLANG_ENABLE_OBJC_ARC = YES;
				CLANG_ENABLE_OBJC_WEAK = YES;
				CLANG_WARN_BLOCK_CAPTURE_AUTORELEASING = YES;
				CLANG_WARN_BOOL_CONVERSION = YES;
				CLANG_WARN_COMMA = YES;
				CLANG_WARN_CONSTANT_CONVERSION = YES;
				CLANG_WARN_DEPRECATED_OBJC_IMPLEMENTATIONS = YES;
				CLANG_WARN_DIRECT_OBJC_ISA_USAGE = YES_ERROR;
				CLANG_WARN_DOCUMENTATION_COMMENTS = YES;
				CLANG_WARN_EMPTY_BODY = YES;
				CLANG_WARN_ENUM_CONVERSION = YES;
				CLANG_WARN_INFINITE_RECURSION = YES;
				CLANG_WARN_INT_CONVERSION = YES;
				CLANG_WARN_NON_LITERAL_NULL_CONVERSION = YES;
				CLANG_WARN_OBJC_IMPLICIT_RETAIN_SELF = YES;
				CLANG_WARN_OBJC_LITERAL_CONVERSION = YES;
				CLANG_WARN_OBJC_ROOT_CLASS = YES_ERROR;
				CLANG_WARN_QUOTED_INCLUDE_IN_FRAMEWORK_HEADER = YES;
				CLANG_WARN_RANGE_LOOP_ANALYSIS = YES;
				CLANG_WARN_STRICT_PROTOTYPES = YES;
				CLANG_WARN_SUSPICIOUS_MOVE = YES;
				CLANG_WARN_UNGUARDED_AVAILABILITY = YES_AGGRESSIVE;
				CLANG_WARN_UNREACHABLE_CODE = YES;
				CLANG_WARN__DUPLICATE_METHOD_MATCH = YES;
				COPY_PHASE_STRIP = NO;
				DEBUG_INFORMATION_FORMAT = "dwarf-with-dsym";
				ENABLE_NS_ASSERTIONS = NO;
				ENABLE_STRICT_OBJC_MSGSEND = YES;
				GCC_C_LANGUAGE_STANDARD = gnu11;
				GCC_NO_COMMON_BLOCKS = YES;
				GCC_WARN_64_TO_32_BIT_CONVERSION = YES;
				GCC_WARN_ABOUT_RETURN_TYPE = YES_ERROR;
				GCC_WARN_UNDECLARED_SELECTOR = YES;
				GCC_WARN_UNINITIALIZED_AUTOS = YES_AGGRESSIVE;
				GCC_WARN_UNUSED_FUNCTION = YES;
				GCC_WARN_UNUSED_VARIABLE = YES;
				IPHONEOS_DEPLOYMENT_TARGET = 16.2;
				MTL_ENABLE_DEBUG_INFO = NO;
				MTL_FAST_MATH = YES;
				SDKROOT = iphoneos;
				SWIFT_COMPILATION_MODE = wholemodule;
				SWIFT_OPTIMIZATION_LEVEL = "-O";
				VALIDATE_PRODUCT = YES;
			};
			name = Release;
		};
		E5D4801929CAB99100901997 /* Debug */ = {
			isa = XCBuildConfiguration;
			buildSettings = {
				ASSETCATALOG_COMPILER_APPICON_NAME = AppIcon;
				ASSETCATALOG_COMPILER_GLOBAL_ACCENT_COLOR_NAME = AccentColor;
				CODE_SIGN_STYLE = Automatic;
				CURRENT_PROJECT_VERSION = 1;
				DEVELOPMENT_ASSET_PATHS = "\"ITunesApp/Preview Content\"";
				DEVELOPMENT_TEAM = VK4B283MSG;
				ENABLE_PREVIEWS = YES;
				GENERATE_INFOPLIST_FILE = YES;
				INFOPLIST_KEY_UIApplicationSceneManifest_Generation = YES;
				INFOPLIST_KEY_UIApplicationSupportsIndirectInputEvents = YES;
				INFOPLIST_KEY_UILaunchScreen_Generation = YES;
				INFOPLIST_KEY_UISupportedInterfaceOrientations_iPad = "UIInterfaceOrientationLandscapeRight UIInterfaceOrientationLandscapeRight UIInterfaceOrientationLandscapeRight UIInterfaceOrientationLandscapeLeft";
				INFOPLIST_KEY_UISupportedInterfaceOrientations_iPhone = "UIInterfaceOrientationPortrait UIInterfaceOrientationLandscapeLeft UIInterfaceOrientationLandscapeRight";
				LD_RUNPATH_SEARCH_PATHS = (
					"$(inherited)",
					"@executable_path/Frameworks",
				);
				MARKETING_VERSION = 1.0;
				PRODUCT_BUNDLE_IDENTIFIER = jp.jec.ac.ITunesApp;
				PRODUCT_NAME = "$(TARGET_NAME)";
				SWIFT_EMIT_LOC_STRINGS = YES;
				SWIFT_VERSION = 5.0;
				TARGETED_DEVICE_FAMILY = "1,2";
			};
			name = Debug;
		};
		E5D4801A29CAB99100901997 /* Release */ = {
			isa = XCBuildConfiguration;
			buildSettings = {
				ASSETCATALOG_COMPILER_APPICON_NAME = AppIcon;
				ASSETCATALOG_COMPILER_GLOBAL_ACCENT_COLOR_NAME = AccentColor;
				CODE_SIGN_STYLE = Automatic;
				CURRENT_PROJECT_VERSION = 1;
				DEVELOPMENT_ASSET_PATHS = "\"ITunesApp/Preview Content\"";
				DEVELOPMENT_TEAM = VK4B283MSG;
				ENABLE_PREVIEWS = YES;
				GENERATE_INFOPLIST_FILE = YES;
				INFOPLIST_KEY_UIApplicationSceneManifest_Generation = YES;
				INFOPLIST_KEY_UIApplicationSupportsIndirectInputEvents = YES;
				INFOPLIST_KEY_UILaunchScreen_Generation = YES;
				INFOPLIST_KEY_UISupportedInterfaceOrientations_iPad = "UIInterfaceOrientationLandscapeRight UIInterfaceOrientationLandscapeRight UIInterfaceOrientationLandscapeRight UIInterfaceOrientationLandscapeLeft";
				INFOPLIST_KEY_UISupportedInterfaceOrientations_iPhone = "UIInterfaceOrientationPortrait UIInterfaceOrientationLandscapeLeft UIInterfaceOrientationLandscapeRight";
				LD_RUNPATH_SEARCH_PATHS = (
					"$(inherited)",
					"@executable_path/Frameworks",
				);
				MARKETING_VERSION = 1.0;
				PRODUCT_BUNDLE_IDENTIFIER = jp.jec.ac.ITunesApp;
				PRODUCT_NAME = "$(TARGET_NAME)";
				SWIFT_EMIT_LOC_STRINGS = YES;
				SWIFT_VERSION = 5.0;
				TARGETED_DEVICE_FAMILY = "1,2";
			};
			name = Release;
		};
/* End XCBuildConfiguration section */

/* Begin XCConfigurationList section */
		E5D4800529CAB99000901997 /* Build configuration list for PBXProject "ITunesApp" */ = {
			isa = XCConfigurationList;
			buildConfigurations = (
				E5D4801629CAB99100901997 /* Debug */,
				E5D4801729CAB99100901997 /* Release */,
			);
			defaultConfigurationIsVisible = 0;
			defaultConfigurationName = Release;
		};
		E5D4801829CAB99100901997 /* Build configuration list for PBXNativeTarget "ITunesApp" */ = {
			isa = XCConfigurationList;
			buildConfigurations = (
				E5D4801929CAB99100901997 /* Debug */,
				E5D4801A29CAB99100901997 /* Release */,
			);
			defaultConfigurationIsVisible = 0;
			defaultConfigurationName = Release;
		};
/* End XCConfigurationList section */
	};
	rootObject = E5D4800229CAB99000901997 /* Project object */;
}
